
Microsoft Visual Studio Solution File, Format Version 12.00
# Visual Studio Version 17
VisualStudioVersion = 17.1.32421.90
MinimumVisualStudioVersion = 10.0.40219.1
Project("{FAE04EC0-301F-11D3-BF4B-00C04F79EFBC}") = "Avizura.WebUI", "Avizura.WebUI.csproj", "{9FB7CDF5-496E-4F4D-AAF5-D790297A71C1}"
EndProject
Project("{FAE04EC0-301F-11D3-BF4B-00C04F79EFBC}") = "Avizura.Repository", "..\Avizura.Repository\Avizura.Repository.csproj", "{949A27E7-CE09-4A95-8607-F431C7DB47B4}"
EndProject
Project("{FAE04EC0-301F-11D3-BF4B-00C04F79EFBC}") = "Avizura.Domain", "..\Avizura.Domain\Avizura.Domain.csproj", "{5CA79345-39CC-424A-9E7C-718F881915E8}"
EndProject
Project("{FAE04EC0-301F-11D3-BF4B-00C04F79EFBC}") = "Avizura.Application", "..\Avizura.Application\Avizura.Application.csproj", "{34E9B064-D11E-44E1-92B6-8ADFC673F3A0}"
EndProject
Project("{FAE04EC0-301F-11D3-BF4B-00C04F79EFBC}") = "Avizura.IoC", "..\Avizura.IoC\Avizura.IoC.csproj", "{4D723462-42B7-425F-90CA-AA88FBFA8E65}"
EndProject
Global
	GlobalSection(SolutionConfigurationPlatforms) = preSolution
		Debug|Any CPU = Debug|Any CPU
		Release|Any CPU = Release|Any CPU
	EndGlobalSection
	GlobalSection(ProjectConfigurationPlatforms) = postSolution
		{9FB7CDF5-496E-4F4D-AAF5-D790297A71C1}.Debug|Any CPU.ActiveCfg = Debug|Any CPU
		{9FB7CDF5-496E-4F4D-AAF5-D790297A71C1}.Debug|Any CPU.Build.0 = Debug|Any CPU
		{9FB7CDF5-496E-4F4D-AAF5-D790297A71C1}.Release|Any CPU.ActiveCfg = Release|Any CPU
		{9FB7CDF5-496E-4F4D-AAF5-D790297A71C1}.Release|Any CPU.Build.0 = Release|Any CPU
		{949A27E7-CE09-4A95-8607-F431C7DB47B4}.Debug|Any CPU.ActiveCfg = Debug|Any CPU
		{949A27E7-CE09-4A95-8607-F431C7DB47B4}.Debug|Any CPU.Build.0 = Debug|Any CPU
		{949A27E7-CE09-4A95-8607-F431C7DB47B4}.Release|Any CPU.ActiveCfg = Release|Any CPU
		{949A27E7-CE09-4A95-8607-F431C7DB47B4}.Release|Any CPU.Build.0 = Release|Any CPU
		{5CA79345-39CC-424A-9E7C-718F881915E8}.Debug|Any CPU.ActiveCfg = Debug|Any CPU
		{5CA79345-39CC-424A-9E7C-718F881915E8}.Debug|Any CPU.Build.0 = Debug|Any CPU
		{5CA79345-39CC-424A-9E7C-718F881915E8}.Release|Any CPU.ActiveCfg = Release|Any CPU
		{5CA79345-39CC-424A-9E7C-718F881915E8}.Release|Any CPU.Build.0 = Release|Any CPU
		{34E9B064-D11E-44E1-92B6-8ADFC673F3A0}.Debug|Any CPU.ActiveCfg = Debug|Any CPU
		{34E9B064-D11E-44E1-92B6-8ADFC673F3A0}.Debug|Any CPU.Build.0 = Debug|Any CPU
		{34E9B064-D11E-44E1-92B6-8ADFC673F3A0}.Release|Any CPU.ActiveCfg = Release|Any CPU
		{34E9B064-D11E-44E1-92B6-8ADFC673F3A0}.Release|Any CPU.Build.0 = Release|Any CPU
		{4D723462-42B7-425F-90CA-AA88FBFA8E65}.Debug|Any CPU.ActiveCfg = Debug|Any CPU
		{4D723462-42B7-425F-90CA-AA88FBFA8E65}.Debug|Any CPU.Build.0 = Debug|Any CPU
		{4D723462-42B7-425F-90CA-AA88FBFA8E65}.Release|Any CPU.ActiveCfg = Release|Any CPU
		{4D723462-42B7-425F-90CA-AA88FBFA8E65}.Release|Any CPU.Build.0 = Release|Any CPU
	EndGlobalSection
	GlobalSection(SolutionProperties) = preSolution
		HideSolutionNode = FALSE
	EndGlobalSection
	GlobalSection(ExtensibilityGlobals) = postSolution
		SolutionGuid = {3ED3D68E-E1A5-43B0-B109-3C840E8FAF36}
	EndGlobalSection
EndGlobal
